
Microsoft Visual Studio Solution File, Format Version 12.00
# Visual Studio Version 16
VisualStudioVersion = 16.0.30804.86
MinimumVisualStudioVersion = 10.0.40219.1
Project("{9A19103F-16F7-4668-BE54-9A1E7A4F7556}") = "Core", "Converter\Core\Core.csproj", "{B4F0E671-FF16-4937-9888-E37A7E9D14DC}"
EndProject
Project("{9A19103F-16F7-4668-BE54-9A1E7A4F7556}") = "Sql", "Converter\Sql\Sql.csproj", "{3A9208E3-A7F0-4EE1-ACF7-579D4BD10D21}"
EndProject
Project("{9A19103F-16F7-4668-BE54-9A1E7A4F7556}") = "Base", "Converter\Base\Base.csproj", "{801764F3-28A0-4EA7-AF7C-70F72D712681}"
EndProject
Project("{FAE04EC0-301F-11D3-BF4B-00C04F79EFBC}") = "QueryRunner", "Tools\QueryRunner\QueryRunner.csproj", "{5D6554FA-0099-4C4D-B867-1A6C8452AF61}"
EndProject
Project("{9A19103F-16F7-4668-BE54-9A1E7A4F7556}") = "Excel", "Converter\Excel\Excel.csproj", "{A0F0826F-F974-4E1F-8ABD-C044FF49A9CC}"
EndProject
Project("{9A19103F-16F7-4668-BE54-9A1E7A4F7556}") = "Converters", "Converter\Converters\Converters.csproj", "{108779FB-6ADC-4535-B602-B793237D0613}"
EndProject
Project("{2150E333-8FDC-42A3-9474-1A3956D46DE8}") = "Solution Items", "Solution Items", "{D752BFEE-E3DE-418B-99EC-FF41EA97EBA6}"
	ProjectSection(SolutionItems) = preProject
		.editorconfig = .editorconfig
	EndProjectSection
EndProject
Project("{FAE04EC0-301F-11D3-BF4B-00C04F79EFBC}") = "UserConverter", "Tools\UserConverter\UserConverter.csproj", "{67747125-EA81-4D03-B553-AF74468E9971}"
EndProject
Project("{2150E333-8FDC-42A3-9474-1A3956D46DE8}") = "Tools", "Tools", "{B1E9C970-B1D1-44D0-815D-04B52D186710}"
EndProject
Project("{2150E333-8FDC-42A3-9474-1A3956D46DE8}") = "Converter", "Converter", "{537D74C2-7842-48B5-9EB7-D3EA88D54A92}"
EndProject
Project("{9A19103F-16F7-4668-BE54-9A1E7A4F7556}") = "Dbf", "Converter\Dbf\Dbf.csproj", "{D1E26C4A-18D0-4E44-9DD2-67FABB6F7849}"
EndProject
Global
	GlobalSection(SolutionConfigurationPlatforms) = preSolution
		Debug|Any CPU = Debug|Any CPU
		Debug|x86 = Debug|x86
		Release|Any CPU = Release|Any CPU
		Release|x86 = Release|x86
	EndGlobalSection
	GlobalSection(ProjectConfigurationPlatforms) = postSolution
		{B4F0E671-FF16-4937-9888-E37A7E9D14DC}.Debug|Any CPU.ActiveCfg = Debug|Any CPU
		{B4F0E671-FF16-4937-9888-E37A7E9D14DC}.Debug|Any CPU.Build.0 = Debug|Any CPU
		{B4F0E671-FF16-4937-9888-E37A7E9D14DC}.Debug|x86.ActiveCfg = Debug|Any CPU
		{B4F0E671-FF16-4937-9888-E37A7E9D14DC}.Debug|x86.Build.0 = Debug|Any CPU
		{B4F0E671-FF16-4937-9888-E37A7E9D14DC}.Release|Any CPU.ActiveCfg = Release|Any CPU
		{B4F0E671-FF16-4937-9888-E37A7E9D14DC}.Release|Any CPU.Build.0 = Release|Any CPU
		{B4F0E671-FF16-4937-9888-E37A7E9D14DC}.Release|x86.ActiveCfg = Release|Any CPU
		{B4F0E671-FF16-4937-9888-E37A7E9D14DC}.Release|x86.Build.0 = Release|Any CPU
		{3A9208E3-A7F0-4EE1-ACF7-579D4BD10D21}.Debug|Any CPU.ActiveCfg = Debug|Any CPU
		{3A9208E3-A7F0-4EE1-ACF7-579D4BD10D21}.Debug|Any CPU.Build.0 = Debug|Any CPU
		{3A9208E3-A7F0-4EE1-ACF7-579D4BD10D21}.Debug|x86.ActiveCfg = Debug|Any CPU
		{3A9208E3-A7F0-4EE1-ACF7-579D4BD10D21}.Debug|x86.Build.0 = Debug|Any CPU
		{3A9208E3-A7F0-4EE1-ACF7-579D4BD10D21}.Release|Any CPU.ActiveCfg = Release|Any CPU
		{3A9208E3-A7F0-4EE1-ACF7-579D4BD10D21}.Release|Any CPU.Build.0 = Release|Any CPU
		{3A9208E3-A7F0-4EE1-ACF7-579D4BD10D21}.Release|x86.ActiveCfg = Release|Any CPU
		{3A9208E3-A7F0-4EE1-ACF7-579D4BD10D21}.Release|x86.Build.0 = Release|Any CPU
		{801764F3-28A0-4EA7-AF7C-70F72D712681}.Debug|Any CPU.ActiveCfg = Debug|Any CPU
		{801764F3-28A0-4EA7-AF7C-70F72D712681}.Debug|Any CPU.Build.0 = Debug|Any CPU
		{801764F3-28A0-4EA7-AF7C-70F72D712681}.Debug|x86.ActiveCfg = Debug|Any CPU
		{801764F3-28A0-4EA7-AF7C-70F72D712681}.Debug|x86.Build.0 = Debug|Any CPU
		{801764F3-28A0-4EA7-AF7C-70F72D712681}.Release|Any CPU.ActiveCfg = Release|Any CPU
		{801764F3-28A0-4EA7-AF7C-70F72D712681}.Release|Any CPU.Build.0 = Release|Any CPU
		{801764F3-28A0-4EA7-AF7C-70F72D712681}.Release|x86.ActiveCfg = Release|Any CPU
		{801764F3-28A0-4EA7-AF7C-70F72D712681}.Release|x86.Build.0 = Release|Any CPU
		{5D6554FA-0099-4C4D-B867-1A6C8452AF61}.Debug|Any CPU.ActiveCfg = Debug|Any CPU
		{5D6554FA-0099-4C4D-B867-1A6C8452AF61}.Debug|Any CPU.Build.0 = Debug|Any CPU
		{5D6554FA-0099-4C4D-B867-1A6C8452AF61}.Debug|x86.ActiveCfg = Debug|Any CPU
		{5D6554FA-0099-4C4D-B867-1A6C8452AF61}.Debug|x86.Build.0 = Debug|Any CPU
		{5D6554FA-0099-4C4D-B867-1A6C8452AF61}.Release|Any CPU.ActiveCfg = Release|Any CPU
		{5D6554FA-0099-4C4D-B867-1A6C8452AF61}.Release|Any CPU.Build.0 = Release|Any CPU
		{5D6554FA-0099-4C4D-B867-1A6C8452AF61}.Release|x86.ActiveCfg = Release|Any CPU
		{5D6554FA-0099-4C4D-B867-1A6C8452AF61}.Release|x86.Build.0 = Release|Any CPU
		{A0F0826F-F974-4E1F-8ABD-C044FF49A9CC}.Debug|Any CPU.ActiveCfg = Debug|Any CPU
		{A0F0826F-F974-4E1F-8ABD-C044FF49A9CC}.Debug|Any CPU.Build.0 = Debug|Any CPU
		{A0F0826F-F974-4E1F-8ABD-C044FF49A9CC}.Debug|x86.ActiveCfg = Debug|Any CPU
		{A0F0826F-F974-4E1F-8ABD-C044FF49A9CC}.Debug|x86.Build.0 = Debug|Any CPU
		{A0F0826F-F974-4E1F-8ABD-C044FF49A9CC}.Release|Any CPU.ActiveCfg = Release|Any CPU
		{A0F0826F-F974-4E1F-8ABD-C044FF49A9CC}.Release|Any CPU.Build.0 = Release|Any CPU
		{A0F0826F-F974-4E1F-8ABD-C044FF49A9CC}.Release|x86.ActiveCfg = Release|Any CPU
		{A0F0826F-F974-4E1F-8ABD-C044FF49A9CC}.Release|x86.Build.0 = Release|Any CPU
		{108779FB-6ADC-4535-B602-B793237D0613}.Debug|Any CPU.ActiveCfg = Debug|Any CPU
		{108779FB-6ADC-4535-B602-B793237D0613}.Debug|Any CPU.Build.0 = Debug|Any CPU
		{108779FB-6ADC-4535-B602-B793237D0613}.Debug|x86.ActiveCfg = Debug|Any CPU
		{108779FB-6ADC-4535-B602-B793237D0613}.Debug|x86.Build.0 = Debug|Any CPU
		{108779FB-6ADC-4535-B602-B793237D0613}.Release|Any CPU.ActiveCfg = Release|Any CPU
		{108779FB-6ADC-4535-B602-B793237D0613}.Release|Any CPU.Build.0 = Release|Any CPU
		{108779FB-6ADC-4535-B602-B793237D0613}.Release|x86.ActiveCfg = Release|Any CPU
		{108779FB-6ADC-4535-B602-B793237D0613}.Release|x86.Build.0 = Release|Any CPU
		{67747125-EA81-4D03-B553-AF74468E9971}.Debug|Any CPU.ActiveCfg = Debug|Any CPU
		{67747125-EA81-4D03-B553-AF74468E9971}.Debug|Any CPU.Build.0 = Debug|Any CPU
		{67747125-EA81-4D03-B553-AF74468E9971}.Debug|x86.ActiveCfg = Debug|Win32
		{67747125-EA81-4D03-B553-AF74468E9971}.Debug|x86.Build.0 = Debug|Win32
		{67747125-EA81-4D03-B553-AF74468E9971}.Release|Any CPU.ActiveCfg = Release|Any CPU
		{67747125-EA81-4D03-B553-AF74468E9971}.Release|Any CPU.Build.0 = Release|Any CPU
		{67747125-EA81-4D03-B553-AF74468E9971}.Release|x86.ActiveCfg = Release|Win32
		{67747125-EA81-4D03-B553-AF74468E9971}.Release|x86.Build.0 = Release|Win32
		{D1E26C4A-18D0-4E44-9DD2-67FABB6F7849}.Debug|Any CPU.ActiveCfg = Debug|Any CPU
		{D1E26C4A-18D0-4E44-9DD2-67FABB6F7849}.Debug|Any CPU.Build.0 = Debug|Any CPU
		{D1E26C4A-18D0-4E44-9DD2-67FABB6F7849}.Debug|x86.ActiveCfg = Debug|Any CPU
		{D1E26C4A-18D0-4E44-9DD2-67FABB6F7849}.Debug|x86.Build.0 = Debug|Any CPU
		{D1E26C4A-18D0-4E44-9DD2-67FABB6F7849}.Release|Any CPU.ActiveCfg = Release|Any CPU
		{D1E26C4A-18D0-4E44-9DD2-67FABB6F7849}.Release|Any CPU.Build.0 = Release|Any CPU
		{D1E26C4A-18D0-4E44-9DD2-67FABB6F7849}.Release|x86.ActiveCfg = Release|Any CPU
		{D1E26C4A-18D0-4E44-9DD2-67FABB6F7849}.Release|x86.Build.0 = Release|Any CPU
	EndGlobalSection
	GlobalSection(SolutionProperties) = preSolution
		HideSolutionNode = FALSE
	EndGlobalSection
	GlobalSection(NestedProjects) = preSolution
		{B4F0E671-FF16-4937-9888-E37A7E9D14DC} = {537D74C2-7842-48B5-9EB7-D3EA88D54A92}
		{3A9208E3-A7F0-4EE1-ACF7-579D4BD10D21} = {537D74C2-7842-48B5-9EB7-D3EA88D54A92}
		{801764F3-28A0-4EA7-AF7C-70F72D712681} = {537D74C2-7842-48B5-9EB7-D3EA88D54A92}
		{5D6554FA-0099-4C4D-B867-1A6C8452AF61} = {B1E9C970-B1D1-44D0-815D-04B52D186710}
		{A0F0826F-F974-4E1F-8ABD-C044FF49A9CC} = {537D74C2-7842-48B5-9EB7-D3EA88D54A92}
		{108779FB-6ADC-4535-B602-B793237D0613} = {537D74C2-7842-48B5-9EB7-D3EA88D54A92}
		{67747125-EA81-4D03-B553-AF74468E9971} = {B1E9C970-B1D1-44D0-815D-04B52D186710}
		{D1E26C4A-18D0-4E44-9DD2-67FABB6F7849} = {537D74C2-7842-48B5-9EB7-D3EA88D54A92}
	EndGlobalSection
	GlobalSection(ExtensibilityGlobals) = postSolution
		SolutionGuid = {C8F25E1A-BA63-4899-AE8A-BDC747338476}
	EndGlobalSection
EndGlobal
